
Microsoft Visual Studio Solution File, Format Version 12.00
# Visual Studio Version 16
VisualStudioVersion = 16.0.30717.126
MinimumVisualStudioVersion = 10.0.40219.1
Project("{2150E333-8FDC-42A3-9474-1A3956D46DE8}") = "Foundation", "Foundation", "{3EC36DE1-6591-4520-AD93-CA11025C2900}"
EndProject
Project("{2150E333-8FDC-42A3-9474-1A3956D46DE8}") = "Project", "Project", "{5C1562B3-A0B5-43E8-BAE0-395D4ACCB0E0}"
EndProject
Project("{2150E333-8FDC-42A3-9474-1A3956D46DE8}") = "Demo", "Demo", "{70385333-54AC-408F-9B81-312353E5BB5C}"
EndProject
Project("{FAE04EC0-301F-11D3-BF4B-00C04F79EFBC}") = "Hackathon.MLBox.Foundation.Engine", "src\Foundation\Engine\code\Hackathon.MLBox.Foundation.Engine.csproj", "{0D1A5FF4-E76F-48D3-8211-92085D45E2CE}"
EndProject
Project("{2150E333-8FDC-42A3-9474-1A3956D46DE8}") = "ProcessingEngine", "ProcessingEngine", "{6EE7A50F-D844-4DA0-AD8D-CD92037739AB}"
EndProject
Project("{2150E333-8FDC-42A3-9474-1A3956D46DE8}") = "ModelBuilder", "ModelBuilder", "{E8186B9C-7BCC-4C6B-A2C3-FFC65860117B}"
EndProject
Project("{FAE04EC0-301F-11D3-BF4B-00C04F79EFBC}") = "Hackathon.MLBox.Foundation.ModelBuilder", "src\Foundation\ModelBuilder\Hackathon.MLBox.Foundation.ModelBuilder.csproj", "{212B677A-6AE2-4FDE-AF52-F7D4C5E2CF14}"
EndProject
Project("{FAE04EC0-301F-11D3-BF4B-00C04F79EFBC}") = "Hackathon.MLBox.Project.DataExplorer", "src\Project\DataExplorer\code\Hackathon.MLBox.Project.DataExplorer.csproj", "{E3186587-4EA8-493F-AB16-30C2BC5207A6}"
EndProject
Project("{2150E333-8FDC-42A3-9474-1A3956D46DE8}") = "DataExplorer", "DataExplorer", "{DE2E3C02-035D-4C2B-A1D1-694AAE79F14B}"
EndProject
Project("{FAE04EC0-301F-11D3-BF4B-00C04F79EFBC}") = "Hackathon.MLBox.Project.Demo", "src\Project\Demo\code\Hackathon.MLBox.Project.Demo.csproj", "{7054E548-19A8-42D9-90FE-C64A07E4450E}"
EndProject
Project("{2150E333-8FDC-42A3-9474-1A3956D46DE8}") = "Common", "Common", "{B08EE892-D5F3-41B6-8B64-A3B5E4DDB993}"
EndProject
Project("{9A19103F-16F7-4668-BE54-9A1E7A4F7556}") = "Hackathon.MLBox.Foundation.Common", "src\Foundation\Common\code\Hackathon.MLBox.Foundation.Common.csproj", "{746B0FDB-63B9-48ED-A437-70D0067CB620}"
EndProject
Global
	GlobalSection(SolutionConfigurationPlatforms) = preSolution
		Debug|Any CPU = Debug|Any CPU
		Release|Any CPU = Release|Any CPU
	EndGlobalSection
	GlobalSection(ProjectConfigurationPlatforms) = postSolution
		{0D1A5FF4-E76F-48D3-8211-92085D45E2CE}.Debug|Any CPU.ActiveCfg = Debug|Any CPU
		{0D1A5FF4-E76F-48D3-8211-92085D45E2CE}.Debug|Any CPU.Build.0 = Debug|Any CPU
		{0D1A5FF4-E76F-48D3-8211-92085D45E2CE}.Release|Any CPU.ActiveCfg = Release|Any CPU
		{0D1A5FF4-E76F-48D3-8211-92085D45E2CE}.Release|Any CPU.Build.0 = Release|Any CPU
		{212B677A-6AE2-4FDE-AF52-F7D4C5E2CF14}.Debug|Any CPU.ActiveCfg = Debug|Any CPU
		{212B677A-6AE2-4FDE-AF52-F7D4C5E2CF14}.Debug|Any CPU.Build.0 = Debug|Any CPU
		{212B677A-6AE2-4FDE-AF52-F7D4C5E2CF14}.Release|Any CPU.ActiveCfg = Release|Any CPU
		{212B677A-6AE2-4FDE-AF52-F7D4C5E2CF14}.Release|Any CPU.Build.0 = Release|Any CPU
		{E3186587-4EA8-493F-AB16-30C2BC5207A6}.Debug|Any CPU.ActiveCfg = Debug|Any CPU
		{E3186587-4EA8-493F-AB16-30C2BC5207A6}.Debug|Any CPU.Build.0 = Debug|Any CPU
		{E3186587-4EA8-493F-AB16-30C2BC5207A6}.Release|Any CPU.ActiveCfg = Release|Any CPU
		{E3186587-4EA8-493F-AB16-30C2BC5207A6}.Release|Any CPU.Build.0 = Release|Any CPU
		{7054E548-19A8-42D9-90FE-C64A07E4450E}.Debug|Any CPU.ActiveCfg = Debug|Any CPU
		{7054E548-19A8-42D9-90FE-C64A07E4450E}.Debug|Any CPU.Build.0 = Debug|Any CPU
		{7054E548-19A8-42D9-90FE-C64A07E4450E}.Release|Any CPU.ActiveCfg = Release|Any CPU
		{7054E548-19A8-42D9-90FE-C64A07E4450E}.Release|Any CPU.Build.0 = Release|Any CPU
		{746B0FDB-63B9-48ED-A437-70D0067CB620}.Debug|Any CPU.ActiveCfg = Debug|Any CPU
		{746B0FDB-63B9-48ED-A437-70D0067CB620}.Debug|Any CPU.Build.0 = Debug|Any CPU
		{746B0FDB-63B9-48ED-A437-70D0067CB620}.Release|Any CPU.ActiveCfg = Release|Any CPU
		{746B0FDB-63B9-48ED-A437-70D0067CB620}.Release|Any CPU.Build.0 = Release|Any CPU
	EndGlobalSection
	GlobalSection(SolutionProperties) = preSolution
		HideSolutionNode = FALSE
	EndGlobalSection
	GlobalSection(NestedProjects) = preSolution
		{70385333-54AC-408F-9B81-312353E5BB5C} = {5C1562B3-A0B5-43E8-BAE0-395D4ACCB0E0}
		{0D1A5FF4-E76F-48D3-8211-92085D45E2CE} = {6EE7A50F-D844-4DA0-AD8D-CD92037739AB}
		{6EE7A50F-D844-4DA0-AD8D-CD92037739AB} = {3EC36DE1-6591-4520-AD93-CA11025C2900}
		{E8186B9C-7BCC-4C6B-A2C3-FFC65860117B} = {3EC36DE1-6591-4520-AD93-CA11025C2900}
		{212B677A-6AE2-4FDE-AF52-F7D4C5E2CF14} = {E8186B9C-7BCC-4C6B-A2C3-FFC65860117B}
		{E3186587-4EA8-493F-AB16-30C2BC5207A6} = {DE2E3C02-035D-4C2B-A1D1-694AAE79F14B}
		{DE2E3C02-035D-4C2B-A1D1-694AAE79F14B} = {5C1562B3-A0B5-43E8-BAE0-395D4ACCB0E0}
		{7054E548-19A8-42D9-90FE-C64A07E4450E} = {70385333-54AC-408F-9B81-312353E5BB5C}
		{B08EE892-D5F3-41B6-8B64-A3B5E4DDB993} = {3EC36DE1-6591-4520-AD93-CA11025C2900}
		{746B0FDB-63B9-48ED-A437-70D0067CB620} = {B08EE892-D5F3-41B6-8B64-A3B5E4DDB993}
	EndGlobalSection
	GlobalSection(ExtensibilityGlobals) = postSolution
		SolutionGuid = {9C7B85EA-F484-476C-8A0C-8E6632EEA943}
		EnterpriseLibraryConfigurationToolBinariesPathV6 = packages\EnterpriseLibrary.Common.6.0.1304.0\lib\NET45;packages\EnterpriseLibrary.TransientFaultHandling.6.0.1304.0\lib\portable-net45+win+wp8;packages\EnterpriseLibrary.TransientFaultHandling.Caching.6.0.1304.0\lib\NET45;packages\EnterpriseLibrary.TransientFaultHandling.Data.6.0.1304.1\lib\NET45;packages\EnterpriseLibrary.TransientFaultHandling.ServiceBus.6.0.1304.0\lib\NET45;packages\EnterpriseLibrary.TransientFaultHandling.WindowsAzure.Storage.6.0.1304.0\lib\NET45;packages\EnterpriseLibrary.TransientFaultHandling.Configuration.6.0.1304.0\lib\NET45
	EndGlobalSection
EndGlobal
